
Microsoft Visual Studio Solution File, Format Version 12.00
# Visual Studio Version 17
VisualStudioVersion = 17.7.34031.279
MinimumVisualStudioVersion = 10.0.40219.1
Project("{FAE04EC0-301F-11D3-BF4B-00C04F79EFBC}") = "inlämningsuppgift3", "inlämningsuppgift3\inlämningsuppgift3.csproj", "{34CF4DF5-B8B6-4F88-9392-36AB4FD65D27}"
EndProject
Global
	GlobalSection(SolutionConfigurationPlatforms) = preSolution
		Debug|Any CPU = Debug|Any CPU
		Release|Any CPU = Release|Any CPU
	EndGlobalSection
	GlobalSection(ProjectConfigurationPlatforms) = postSolution
		{34CF4DF5-B8B6-4F88-9392-36AB4FD65D27}.Debug|Any CPU.ActiveCfg = Debug|Any CPU
		{34CF4DF5-B8B6-4F88-9392-36AB4FD65D27}.Debug|Any CPU.Build.0 = Debug|Any CPU
		{34CF4DF5-B8B6-4F88-9392-36AB4FD65D27}.Release|Any CPU.ActiveCfg = Release|Any CPU
		{34CF4DF5-B8B6-4F88-9392-36AB4FD65D27}.Release|Any CPU.Build.0 = Release|Any CPU
	EndGlobalSection
	GlobalSection(SolutionProperties) = preSolution
		HideSolutionNode = FALSE
	EndGlobalSection
	GlobalSection(ExtensibilityGlobals) = postSolution
		SolutionGuid = {997E0114-0D67-41E7-B28B-8F44F4953109}
	EndGlobalSection
EndGlobal
